
Microsoft Visual Studio Solution File, Format Version 12.00
# Visual Studio Version 17
VisualStudioVersion = 17.13.35931.197 d17.13
MinimumVisualStudioVersion = 10.0.40219.1
Project("{FAE04EC0-301F-11D3-BF4B-00C04F79EFBC}") = "Homework-SkillTree", "Homework-SkillTree.csproj", "{223117A0-53CC-44DA-8C9A-669403E374E9}"
EndProject
Global
	GlobalSection(SolutionConfigurationPlatforms) = preSolution
		Debug|Any CPU = Debug|Any CPU
		Release|Any CPU = Release|Any CPU
	EndGlobalSection
	GlobalSection(ProjectConfigurationPlatforms) = postSolution
		{223117A0-53CC-44DA-8C9A-669403E374E9}.Debug|Any CPU.ActiveCfg = Debug|Any CPU
		{223117A0-53CC-44DA-8C9A-669403E374E9}.Debug|Any CPU.Build.0 = Debug|Any CPU
		{223117A0-53CC-44DA-8C9A-669403E374E9}.Release|Any CPU.ActiveCfg = Release|Any CPU
		{223117A0-53CC-44DA-8C9A-669403E374E9}.Release|Any CPU.Build.0 = Release|Any CPU
	EndGlobalSection
	GlobalSection(SolutionProperties) = preSolution
		HideSolutionNode = FALSE
	EndGlobalSection
	GlobalSection(ExtensibilityGlobals) = postSolution
		SolutionGuid = {8653263F-67C7-4FA4-895C-18D4D42A97F6}
	EndGlobalSection
EndGlobal
